
Microsoft Visual Studio Solution File, Format Version 12.00
# Visual Studio Version 17
VisualStudioVersion = 17.0.32112.339
MinimumVisualStudioVersion = 10.0.40219.1
Project("{9A19103F-16F7-4668-BE54-9A1E7A4F7556}") = "TestNetCorePackage", "TestNetCorePackage\TestNetCorePackage.csproj", "{98E10FCF-7F21-4A09-B16D-D74E2577A64C}"
EndProject
Global
	GlobalSection(SolutionConfigurationPlatforms) = preSolution
		Debug|Any CPU = Debug|Any CPU
		Release|Any CPU = Release|Any CPU
	EndGlobalSection
	GlobalSection(ProjectConfigurationPlatforms) = postSolution
		{98E10FCF-7F21-4A09-B16D-D74E2577A64C}.Debug|Any CPU.ActiveCfg = Debug|Any CPU
		{98E10FCF-7F21-4A09-B16D-D74E2577A64C}.Debug|Any CPU.Build.0 = Debug|Any CPU
		{98E10FCF-7F21-4A09-B16D-D74E2577A64C}.Release|Any CPU.ActiveCfg = Release|Any CPU
		{98E10FCF-7F21-4A09-B16D-D74E2577A64C}.Release|Any CPU.Build.0 = Release|Any CPU
	EndGlobalSection
	GlobalSection(SolutionProperties) = preSolution
		HideSolutionNode = FALSE
	EndGlobalSection
	GlobalSection(ExtensibilityGlobals) = postSolution
		SolutionGuid = {1D760F27-0A6A-43CF-92E2-3B50C9DF6F1C}
	EndGlobalSection
EndGlobal
